
Microsoft Visual Studio Solution File, Format Version 12.00
# Visual Studio Version 17
VisualStudioVersion = 17.4.33122.133
MinimumVisualStudioVersion = 10.0.40219.1
Project("{FAE04EC0-301F-11D3-BF4B-00C04F79EFBC}") = "Dz9", "Dz9\Dz9.csproj", "{F7871DF4-ED66-4BF6-B878-EA7A458BA85A}"
EndProject
Global
	GlobalSection(SolutionConfigurationPlatforms) = preSolution
		Debug|Any CPU = Debug|Any CPU
		Release|Any CPU = Release|Any CPU
	EndGlobalSection
	GlobalSection(ProjectConfigurationPlatforms) = postSolution
		{F7871DF4-ED66-4BF6-B878-EA7A458BA85A}.Debug|Any CPU.ActiveCfg = Debug|Any CPU
		{F7871DF4-ED66-4BF6-B878-EA7A458BA85A}.Debug|Any CPU.Build.0 = Debug|Any CPU
		{F7871DF4-ED66-4BF6-B878-EA7A458BA85A}.Release|Any CPU.ActiveCfg = Release|Any CPU
		{F7871DF4-ED66-4BF6-B878-EA7A458BA85A}.Release|Any CPU.Build.0 = Release|Any CPU
	EndGlobalSection
	GlobalSection(SolutionProperties) = preSolution
		HideSolutionNode = FALSE
	EndGlobalSection
	GlobalSection(ExtensibilityGlobals) = postSolution
		SolutionGuid = {55D12C37-E44D-4B27-98F9-86C524ED93AC}
	EndGlobalSection
EndGlobal
